
Microsoft Visual Studio Solution File, Format Version 12.00
# Visual Studio Version 17
VisualStudioVersion = 17.11.35431.28
MinimumVisualStudioVersion = 10.0.40219.1
Project("{FAE04EC0-301F-11D3-BF4B-00C04F79EFBC}") = "SWII6P2-DesktopApp", "SWII6P2-DesktopApp\SWII6P2-DesktopApp.csproj", "{F3A7B1B2-4533-4F95-BC74-4CC7DF619070}"
EndProject
Global
	GlobalSection(SolutionConfigurationPlatforms) = preSolution
		Debug|Any CPU = Debug|Any CPU
		Release|Any CPU = Release|Any CPU
	EndGlobalSection
	GlobalSection(ProjectConfigurationPlatforms) = postSolution
		{F3A7B1B2-4533-4F95-BC74-4CC7DF619070}.Debug|Any CPU.ActiveCfg = Debug|Any CPU
		{F3A7B1B2-4533-4F95-BC74-4CC7DF619070}.Debug|Any CPU.Build.0 = Debug|Any CPU
		{F3A7B1B2-4533-4F95-BC74-4CC7DF619070}.Debug|Any CPU.Deploy.0 = Debug|Any CPU
		{F3A7B1B2-4533-4F95-BC74-4CC7DF619070}.Release|Any CPU.ActiveCfg = Release|Any CPU
		{F3A7B1B2-4533-4F95-BC74-4CC7DF619070}.Release|Any CPU.Build.0 = Release|Any CPU
		{F3A7B1B2-4533-4F95-BC74-4CC7DF619070}.Release|Any CPU.Deploy.0 = Release|Any CPU
	EndGlobalSection
	GlobalSection(SolutionProperties) = preSolution
		HideSolutionNode = FALSE
	EndGlobalSection
	GlobalSection(ExtensibilityGlobals) = postSolution
		SolutionGuid = {87CE53C0-00C2-4A72-9479-476943EA7F90}
	EndGlobalSection
EndGlobal
